
Microsoft Visual Studio Solution File, Format Version 12.00
# Visual Studio Version 16
VisualStudioVersion = 16.0.30717.126
MinimumVisualStudioVersion = 10.0.40219.1
Project("{9A19103F-16F7-4668-BE54-9A1E7A4F7556}") = "Plutus.Xamarin", "Plutus.Xamarin\Plutus.Xamarin.csproj", "{2BEB8EC4-0E28-4AEB-9BB5-1F977FD7AC94}"
EndProject
Project("{FAE04EC0-301F-11D3-BF4B-00C04F79EFBC}") = "Plutus.Android", "Plutus.Android\Plutus.Android.csproj", "{1909189D-4FC3-4341-B88B-0762584F1673}"
EndProject
Project("{FAE04EC0-301F-11D3-BF4B-00C04F79EFBC}") = "Plutus.iOS", "Plutus.iOS\Plutus.iOS.csproj", "{3089B532-3CC2-493F-8824-63E9E831BDFD}"
EndProject
Project("{9A19103F-16F7-4668-BE54-9A1E7A4F7556}") = "Plutus.Service", "Plutus.Service\Plutus.Service.csproj", "{EFC29EC2-5C3A-4575-832E-EA600F454487}"
EndProject
Global
	GlobalSection(SolutionConfigurationPlatforms) = preSolution
		Debug|Any CPU = Debug|Any CPU
		Debug|iPhone = Debug|iPhone
		Debug|iPhoneSimulator = Debug|iPhoneSimulator
		Release|Any CPU = Release|Any CPU
		Release|iPhone = Release|iPhone
		Release|iPhoneSimulator = Release|iPhoneSimulator
	EndGlobalSection
	GlobalSection(ProjectConfigurationPlatforms) = postSolution
		{2BEB8EC4-0E28-4AEB-9BB5-1F977FD7AC94}.Debug|Any CPU.ActiveCfg = Debug|Any CPU
		{2BEB8EC4-0E28-4AEB-9BB5-1F977FD7AC94}.Debug|Any CPU.Build.0 = Debug|Any CPU
		{2BEB8EC4-0E28-4AEB-9BB5-1F977FD7AC94}.Debug|iPhone.ActiveCfg = Debug|Any CPU
		{2BEB8EC4-0E28-4AEB-9BB5-1F977FD7AC94}.Debug|iPhone.Build.0 = Debug|Any CPU
		{2BEB8EC4-0E28-4AEB-9BB5-1F977FD7AC94}.Debug|iPhoneSimulator.ActiveCfg = Debug|Any CPU
		{2BEB8EC4-0E28-4AEB-9BB5-1F977FD7AC94}.Debug|iPhoneSimulator.Build.0 = Debug|Any CPU
		{2BEB8EC4-0E28-4AEB-9BB5-1F977FD7AC94}.Release|Any CPU.ActiveCfg = Release|Any CPU
		{2BEB8EC4-0E28-4AEB-9BB5-1F977FD7AC94}.Release|Any CPU.Build.0 = Release|Any CPU
		{2BEB8EC4-0E28-4AEB-9BB5-1F977FD7AC94}.Release|iPhone.ActiveCfg = Release|Any CPU
		{2BEB8EC4-0E28-4AEB-9BB5-1F977FD7AC94}.Release|iPhone.Build.0 = Release|Any CPU
		{2BEB8EC4-0E28-4AEB-9BB5-1F977FD7AC94}.Release|iPhoneSimulator.ActiveCfg = Release|Any CPU
		{2BEB8EC4-0E28-4AEB-9BB5-1F977FD7AC94}.Release|iPhoneSimulator.Build.0 = Release|Any CPU
		{1909189D-4FC3-4341-B88B-0762584F1673}.Debug|Any CPU.ActiveCfg = Debug|Any CPU
		{1909189D-4FC3-4341-B88B-0762584F1673}.Debug|Any CPU.Build.0 = Debug|Any CPU
		{1909189D-4FC3-4341-B88B-0762584F1673}.Debug|Any CPU.Deploy.0 = Debug|Any CPU
		{1909189D-4FC3-4341-B88B-0762584F1673}.Debug|iPhone.ActiveCfg = Debug|Any CPU
		{1909189D-4FC3-4341-B88B-0762584F1673}.Debug|iPhone.Build.0 = Debug|Any CPU
		{1909189D-4FC3-4341-B88B-0762584F1673}.Debug|iPhone.Deploy.0 = Debug|Any CPU
		{1909189D-4FC3-4341-B88B-0762584F1673}.Debug|iPhoneSimulator.ActiveCfg = Debug|Any CPU
		{1909189D-4FC3-4341-B88B-0762584F1673}.Debug|iPhoneSimulator.Build.0 = Debug|Any CPU
		{1909189D-4FC3-4341-B88B-0762584F1673}.Debug|iPhoneSimulator.Deploy.0 = Debug|Any CPU
		{1909189D-4FC3-4341-B88B-0762584F1673}.Release|Any CPU.ActiveCfg = Release|Any CPU
		{1909189D-4FC3-4341-B88B-0762584F1673}.Release|Any CPU.Build.0 = Release|Any CPU
		{1909189D-4FC3-4341-B88B-0762584F1673}.Release|Any CPU.Deploy.0 = Release|Any CPU
		{1909189D-4FC3-4341-B88B-0762584F1673}.Release|iPhone.ActiveCfg = Release|Any CPU
		{1909189D-4FC3-4341-B88B-0762584F1673}.Release|iPhone.Build.0 = Release|Any CPU
		{1909189D-4FC3-4341-B88B-0762584F1673}.Release|iPhone.Deploy.0 = Release|Any CPU
		{1909189D-4FC3-4341-B88B-0762584F1673}.Release|iPhoneSimulator.ActiveCfg = Release|Any CPU
		{1909189D-4FC3-4341-B88B-0762584F1673}.Release|iPhoneSimulator.Build.0 = Release|Any CPU
		{1909189D-4FC3-4341-B88B-0762584F1673}.Release|iPhoneSimulator.Deploy.0 = Release|Any CPU
		{3089B532-3CC2-493F-8824-63E9E831BDFD}.Debug|Any CPU.ActiveCfg = Debug|iPhoneSimulator
		{3089B532-3CC2-493F-8824-63E9E831BDFD}.Debug|iPhone.ActiveCfg = Debug|iPhone
		{3089B532-3CC2-493F-8824-63E9E831BDFD}.Debug|iPhone.Build.0 = Debug|iPhone
		{3089B532-3CC2-493F-8824-63E9E831BDFD}.Debug|iPhoneSimulator.ActiveCfg = Debug|iPhoneSimulator
		{3089B532-3CC2-493F-8824-63E9E831BDFD}.Debug|iPhoneSimulator.Build.0 = Debug|iPhoneSimulator
		{3089B532-3CC2-493F-8824-63E9E831BDFD}.Release|Any CPU.ActiveCfg = Release|iPhoneSimulator
		{3089B532-3CC2-493F-8824-63E9E831BDFD}.Release|iPhone.ActiveCfg = Release|iPhone
		{3089B532-3CC2-493F-8824-63E9E831BDFD}.Release|iPhone.Build.0 = Release|iPhone
		{3089B532-3CC2-493F-8824-63E9E831BDFD}.Release|iPhoneSimulator.ActiveCfg = Release|iPhoneSimulator
		{3089B532-3CC2-493F-8824-63E9E831BDFD}.Release|iPhoneSimulator.Build.0 = Release|iPhoneSimulator
		{EFC29EC2-5C3A-4575-832E-EA600F454487}.Debug|Any CPU.ActiveCfg = Debug|Any CPU
		{EFC29EC2-5C3A-4575-832E-EA600F454487}.Debug|Any CPU.Build.0 = Debug|Any CPU
		{EFC29EC2-5C3A-4575-832E-EA600F454487}.Debug|iPhone.ActiveCfg = Debug|Any CPU
		{EFC29EC2-5C3A-4575-832E-EA600F454487}.Debug|iPhone.Build.0 = Debug|Any CPU
		{EFC29EC2-5C3A-4575-832E-EA600F454487}.Debug|iPhoneSimulator.ActiveCfg = Debug|Any CPU
		{EFC29EC2-5C3A-4575-832E-EA600F454487}.Debug|iPhoneSimulator.Build.0 = Debug|Any CPU
		{EFC29EC2-5C3A-4575-832E-EA600F454487}.Release|Any CPU.ActiveCfg = Release|Any CPU
		{EFC29EC2-5C3A-4575-832E-EA600F454487}.Release|Any CPU.Build.0 = Release|Any CPU
		{EFC29EC2-5C3A-4575-832E-EA600F454487}.Release|iPhone.ActiveCfg = Release|Any CPU
		{EFC29EC2-5C3A-4575-832E-EA600F454487}.Release|iPhone.Build.0 = Release|Any CPU
		{EFC29EC2-5C3A-4575-832E-EA600F454487}.Release|iPhoneSimulator.ActiveCfg = Release|Any CPU
		{EFC29EC2-5C3A-4575-832E-EA600F454487}.Release|iPhoneSimulator.Build.0 = Release|Any CPU
	EndGlobalSection
	GlobalSection(SolutionProperties) = preSolution
		HideSolutionNode = FALSE
	EndGlobalSection
	GlobalSection(ExtensibilityGlobals) = postSolution
		SolutionGuid = {28CFD819-F7F3-4ED8-9639-ED4D826F5F75}
	EndGlobalSection
EndGlobal
