
Microsoft Visual Studio Solution File, Format Version 12.00
# Visual Studio Version 16
VisualStudioVersion = 16.0.30717.126
MinimumVisualStudioVersion = 10.0.40219.1
Project("{9A19103F-16F7-4668-BE54-9A1E7A4F7556}") = "Plutus.Xamarin", "Plutus.Xamarin.csproj", "{65EB0409-CDAE-46A6-88DC-F898E882DE9D}"
EndProject
Project("{9A19103F-16F7-4668-BE54-9A1E7A4F7556}") = "Plutus.BackEnd", "..\Plutus.BackEnd\Plutus.BackEnd.csproj", "{4739FCFF-EBDB-4047-A1ED-2A4F1EF3DA6F}"
EndProject
Project("{FAE04EC0-301F-11D3-BF4B-00C04F79EFBC}") = "Plutus.Android", "..\Plutus.MobileApp\Plutus.MobileApp.Android\Plutus.Android.csproj", "{D01E0957-B92D-4DF9-B251-C24DFCA3AF49}"
EndProject
Project("{FAE04EC0-301F-11D3-BF4B-00C04F79EFBC}") = "Plutus.iOS", "..\Plutus.MobileApp\Plutus.MobileApp.iOS\Plutus.iOS.csproj", "{8F540F53-37C4-4925-942F-E8CC4256A32B}"
EndProject
Global
	GlobalSection(SolutionConfigurationPlatforms) = preSolution
		Debug|Any CPU = Debug|Any CPU
		Debug|iPhone = Debug|iPhone
		Debug|iPhoneSimulator = Debug|iPhoneSimulator
		Release|Any CPU = Release|Any CPU
		Release|iPhone = Release|iPhone
		Release|iPhoneSimulator = Release|iPhoneSimulator
	EndGlobalSection
	GlobalSection(ProjectConfigurationPlatforms) = postSolution
		{65EB0409-CDAE-46A6-88DC-F898E882DE9D}.Debug|Any CPU.ActiveCfg = Debug|Any CPU
		{65EB0409-CDAE-46A6-88DC-F898E882DE9D}.Debug|Any CPU.Build.0 = Debug|Any CPU
		{65EB0409-CDAE-46A6-88DC-F898E882DE9D}.Debug|iPhone.ActiveCfg = Debug|Any CPU
		{65EB0409-CDAE-46A6-88DC-F898E882DE9D}.Debug|iPhone.Build.0 = Debug|Any CPU
		{65EB0409-CDAE-46A6-88DC-F898E882DE9D}.Debug|iPhoneSimulator.ActiveCfg = Debug|Any CPU
		{65EB0409-CDAE-46A6-88DC-F898E882DE9D}.Debug|iPhoneSimulator.Build.0 = Debug|Any CPU
		{65EB0409-CDAE-46A6-88DC-F898E882DE9D}.Release|Any CPU.ActiveCfg = Release|Any CPU
		{65EB0409-CDAE-46A6-88DC-F898E882DE9D}.Release|Any CPU.Build.0 = Release|Any CPU
		{65EB0409-CDAE-46A6-88DC-F898E882DE9D}.Release|iPhone.ActiveCfg = Release|Any CPU
		{65EB0409-CDAE-46A6-88DC-F898E882DE9D}.Release|iPhone.Build.0 = Release|Any CPU
		{65EB0409-CDAE-46A6-88DC-F898E882DE9D}.Release|iPhoneSimulator.ActiveCfg = Release|Any CPU
		{65EB0409-CDAE-46A6-88DC-F898E882DE9D}.Release|iPhoneSimulator.Build.0 = Release|Any CPU
		{4739FCFF-EBDB-4047-A1ED-2A4F1EF3DA6F}.Debug|Any CPU.ActiveCfg = Debug|Any CPU
		{4739FCFF-EBDB-4047-A1ED-2A4F1EF3DA6F}.Debug|Any CPU.Build.0 = Debug|Any CPU
		{4739FCFF-EBDB-4047-A1ED-2A4F1EF3DA6F}.Debug|iPhone.ActiveCfg = Debug|Any CPU
		{4739FCFF-EBDB-4047-A1ED-2A4F1EF3DA6F}.Debug|iPhone.Build.0 = Debug|Any CPU
		{4739FCFF-EBDB-4047-A1ED-2A4F1EF3DA6F}.Debug|iPhoneSimulator.ActiveCfg = Debug|Any CPU
		{4739FCFF-EBDB-4047-A1ED-2A4F1EF3DA6F}.Debug|iPhoneSimulator.Build.0 = Debug|Any CPU
		{4739FCFF-EBDB-4047-A1ED-2A4F1EF3DA6F}.Release|Any CPU.ActiveCfg = Release|Any CPU
		{4739FCFF-EBDB-4047-A1ED-2A4F1EF3DA6F}.Release|Any CPU.Build.0 = Release|Any CPU
		{4739FCFF-EBDB-4047-A1ED-2A4F1EF3DA6F}.Release|iPhone.ActiveCfg = Release|Any CPU
		{4739FCFF-EBDB-4047-A1ED-2A4F1EF3DA6F}.Release|iPhone.Build.0 = Release|Any CPU
		{4739FCFF-EBDB-4047-A1ED-2A4F1EF3DA6F}.Release|iPhoneSimulator.ActiveCfg = Release|Any CPU
		{4739FCFF-EBDB-4047-A1ED-2A4F1EF3DA6F}.Release|iPhoneSimulator.Build.0 = Release|Any CPU
		{D01E0957-B92D-4DF9-B251-C24DFCA3AF49}.Debug|Any CPU.ActiveCfg = Debug|Any CPU
		{D01E0957-B92D-4DF9-B251-C24DFCA3AF49}.Debug|Any CPU.Build.0 = Debug|Any CPU
		{D01E0957-B92D-4DF9-B251-C24DFCA3AF49}.Debug|Any CPU.Deploy.0 = Debug|Any CPU
		{D01E0957-B92D-4DF9-B251-C24DFCA3AF49}.Debug|iPhone.ActiveCfg = Debug|Any CPU
		{D01E0957-B92D-4DF9-B251-C24DFCA3AF49}.Debug|iPhone.Build.0 = Debug|Any CPU
		{D01E0957-B92D-4DF9-B251-C24DFCA3AF49}.Debug|iPhone.Deploy.0 = Debug|Any CPU
		{D01E0957-B92D-4DF9-B251-C24DFCA3AF49}.Debug|iPhoneSimulator.ActiveCfg = Debug|Any CPU
		{D01E0957-B92D-4DF9-B251-C24DFCA3AF49}.Debug|iPhoneSimulator.Build.0 = Debug|Any CPU
		{D01E0957-B92D-4DF9-B251-C24DFCA3AF49}.Debug|iPhoneSimulator.Deploy.0 = Debug|Any CPU
		{D01E0957-B92D-4DF9-B251-C24DFCA3AF49}.Release|Any CPU.ActiveCfg = Release|Any CPU
		{D01E0957-B92D-4DF9-B251-C24DFCA3AF49}.Release|Any CPU.Build.0 = Release|Any CPU
		{D01E0957-B92D-4DF9-B251-C24DFCA3AF49}.Release|Any CPU.Deploy.0 = Release|Any CPU
		{D01E0957-B92D-4DF9-B251-C24DFCA3AF49}.Release|iPhone.ActiveCfg = Release|Any CPU
		{D01E0957-B92D-4DF9-B251-C24DFCA3AF49}.Release|iPhone.Build.0 = Release|Any CPU
		{D01E0957-B92D-4DF9-B251-C24DFCA3AF49}.Release|iPhone.Deploy.0 = Release|Any CPU
		{D01E0957-B92D-4DF9-B251-C24DFCA3AF49}.Release|iPhoneSimulator.ActiveCfg = Release|Any CPU
		{D01E0957-B92D-4DF9-B251-C24DFCA3AF49}.Release|iPhoneSimulator.Build.0 = Release|Any CPU
		{D01E0957-B92D-4DF9-B251-C24DFCA3AF49}.Release|iPhoneSimulator.Deploy.0 = Release|Any CPU
		{8F540F53-37C4-4925-942F-E8CC4256A32B}.Debug|Any CPU.ActiveCfg = Debug|iPhoneSimulator
		{8F540F53-37C4-4925-942F-E8CC4256A32B}.Debug|iPhone.ActiveCfg = Debug|iPhone
		{8F540F53-37C4-4925-942F-E8CC4256A32B}.Debug|iPhone.Build.0 = Debug|iPhone
		{8F540F53-37C4-4925-942F-E8CC4256A32B}.Debug|iPhoneSimulator.ActiveCfg = Debug|iPhoneSimulator
		{8F540F53-37C4-4925-942F-E8CC4256A32B}.Debug|iPhoneSimulator.Build.0 = Debug|iPhoneSimulator
		{8F540F53-37C4-4925-942F-E8CC4256A32B}.Release|Any CPU.ActiveCfg = Release|iPhoneSimulator
		{8F540F53-37C4-4925-942F-E8CC4256A32B}.Release|iPhone.ActiveCfg = Release|iPhone
		{8F540F53-37C4-4925-942F-E8CC4256A32B}.Release|iPhone.Build.0 = Release|iPhone
		{8F540F53-37C4-4925-942F-E8CC4256A32B}.Release|iPhoneSimulator.ActiveCfg = Release|iPhoneSimulator
		{8F540F53-37C4-4925-942F-E8CC4256A32B}.Release|iPhoneSimulator.Build.0 = Release|iPhoneSimulator
	EndGlobalSection
	GlobalSection(SolutionProperties) = preSolution
		HideSolutionNode = FALSE
	EndGlobalSection
	GlobalSection(ExtensibilityGlobals) = postSolution
		SolutionGuid = {28CFD819-F7F3-4ED8-9639-ED4D826F5F75}
	EndGlobalSection
EndGlobal
